{
	"name": "vite-plugin-butterfly-effect",
	"version": "1.0.0",
	"lockfileVersion": 3,
	"requires": true,
	"packages": {
		"": {
			"name": "vite-plugin-butterfly-effect",
			"version": "1.0.0",
			"license": "MIT",
			"dependencies": {
				"@babel/generator": "^7.26.0",
				"@babel/parser": "^7.26.0",
				"@babel/traverse": "^7.26.0",
				"@babel/types": "^7.26.0"
			},
			"devDependencies": {
				"@biomejs/biome": "^2.3.4",
				"@types/babel__generator": "^7.6.8",
				"@types/babel__traverse": "^7.20.6",
				"@types/node": "^24.10.0",
				"@vitest/coverage-v8": "^4.0.8",
				"@vitest/ui": "^4.0.8",
				"happy-dom": "^20.0.10",
				"rolldown": "^1.0.0-beta.50",
				"typescript": "^5.9.3",
				"vitest": "^4.0.8"
			}
		},
		"node_modules/@babel/code-frame": {
			"version": "7.27.1",
			"license": "MIT",
			"dependencies": {
				"@babel/helper-validator-identifier": "^7.27.1",
				"js-tokens": "^4.0.0",
				"picocolors": "^1.1.1"
			},
			"engines": {
				"node": ">=6.9.0"
			}
		},
		"node_modules/@babel/code-frame/node_modules/js-tokens": {
			"version": "4.0.0",
			"license": "MIT"
		},
		"node_modules/@babel/generator": {
			"version": "7.28.5",
			"license": "MIT",
			"dependencies": {
				"@babel/parser": "^7.28.5",
				"@babel/types": "^7.28.5",
				"@jridgewell/gen-mapping": "^0.3.12",
				"@jridgewell/trace-mapping": "^0.3.28",
				"jsesc": "^3.0.2"
			},
			"engines": {
				"node": ">=6.9.0"
			}
		},
		"node_modules/@babel/helper-globals": {
			"version": "7.28.0",
			"license": "MIT",
			"engines": {
				"node": ">=6.9.0"
			}
		},
		"node_modules/@babel/helper-string-parser": {
			"version": "7.27.1",
			"license": "MIT",
			"engines": {
				"node": ">=6.9.0"
			}
		},
		"node_modules/@babel/helper-validator-identifier": {
			"version": "7.28.5",
			"license": "MIT",
			"engines": {
				"node": ">=6.9.0"
			}
		},
		"node_modules/@babel/parser": {
			"version": "7.28.5",
			"license": "MIT",
			"dependencies": {
				"@babel/types": "^7.28.5"
			},
			"bin": {
				"parser": "bin/babel-parser.js"
			},
			"engines": {
				"node": ">=6.0.0"
			}
		},
		"node_modules/@babel/template": {
			"version": "7.27.2",
			"license": "MIT",
			"dependencies": {
				"@babel/code-frame": "^7.27.1",
				"@babel/parser": "^7.27.2",
				"@babel/types": "^7.27.1"
			},
			"engines": {
				"node": ">=6.9.0"
			}
		},
		"node_modules/@babel/traverse": {
			"version": "7.28.5",
			"license": "MIT",
			"dependencies": {
				"@babel/code-frame": "^7.27.1",
				"@babel/generator": "^7.28.5",
				"@babel/helper-globals": "^7.28.0",
				"@babel/parser": "^7.28.5",
				"@babel/template": "^7.27.2",
				"@babel/types": "^7.28.5",
				"debug": "^4.3.1"
			},
			"engines": {
				"node": ">=6.9.0"
			}
		},
		"node_modules/@babel/types": {
			"version": "7.28.5",
			"license": "MIT",
			"dependencies": {
				"@babel/helper-string-parser": "^7.27.1",
				"@babel/helper-validator-identifier": "^7.28.5"
			},
			"engines": {
				"node": ">=6.9.0"
			}
		},
		"node_modules/@bcoe/v8-coverage": {
			"version": "1.0.2",
			"dev": true,
			"license": "MIT",
			"engines": {
				"node": ">=18"
			}
		},
		"node_modules/@biomejs/biome": {
			"version": "2.3.4",
			"dev": true,
			"license": "MIT OR Apache-2.0",
			"bin": {
				"biome": "bin/biome"
			},
			"engines": {
				"node": ">=14.21.3"
			},
			"funding": {
				"type": "opencollective",
				"url": "https://opencollective.com/biome"
			},
			"optionalDependencies": {
				"@biomejs/cli-darwin-arm64": "2.3.4",
				"@biomejs/cli-darwin-x64": "2.3.4",
				"@biomejs/cli-linux-arm64": "2.3.4",
				"@biomejs/cli-linux-arm64-musl": "2.3.4",
				"@biomejs/cli-linux-x64": "2.3.4",
				"@biomejs/cli-linux-x64-musl": "2.3.4",
				"@biomejs/cli-win32-arm64": "2.3.4",
				"@biomejs/cli-win32-x64": "2.3.4"
			}
		},
		"node_modules/@biomejs/cli-darwin-arm64": {
			"version": "2.3.4",
			"cpu": [
				"arm64"
			],
			"dev": true,
			"license": "MIT OR Apache-2.0",
			"optional": true,
			"os": [
				"darwin"
			],
			"engines": {
				"node": ">=14.21.3"
			}
		},
		"node_modules/@esbuild/darwin-arm64": {
			"version": "0.25.12",
			"cpu": [
				"arm64"
			],
			"dev": true,
			"license": "MIT",
			"optional": true,
			"os": [
				"darwin"
			],
			"engines": {
				"node": ">=18"
			}
		},
		"node_modules/@jridgewell/gen-mapping": {
			"version": "0.3.13",
			"license": "MIT",
			"dependencies": {
				"@jridgewell/sourcemap-codec": "^1.5.0",
				"@jridgewell/trace-mapping": "^0.3.24"
			}
		},
		"node_modules/@jridgewell/resolve-uri": {
			"version": "3.1.2",
			"license": "MIT",
			"engines": {
				"node": ">=6.0.0"
			}
		},
		"node_modules/@jridgewell/sourcemap-codec": {
			"version": "1.5.5",
			"license": "MIT"
		},
		"node_modules/@jridgewell/trace-mapping": {
			"version": "0.3.31",
			"license": "MIT",
			"dependencies": {
				"@jridgewell/resolve-uri": "^3.1.0",
				"@jridgewell/sourcemap-codec": "^1.4.14"
			}
		},
		"node_modules/@oxc-project/runtime": {
			"version": "0.72.3",
			"dev": true,
			"license": "MIT",
			"engines": {
				"node": ">=6.9.0"
			}
		},
		"node_modules/@oxc-project/types": {
			"version": "0.72.3",
			"dev": true,
			"license": "MIT",
			"funding": {
				"url": "https://github.com/sponsors/Boshen"
			}
		},
		"node_modules/@polka/url": {
			"version": "1.0.0-next.29",
			"dev": true,
			"license": "MIT"
		},
		"node_modules/@rolldown/binding-darwin-arm64": {
			"version": "1.0.0-beta.13-commit.024b632",
			"cpu": [
				"arm64"
			],
			"dev": true,
			"license": "MIT",
			"optional": true,
			"os": [
				"darwin"
			]
		},
		"node_modules/@rolldown/pluginutils": {
			"version": "1.0.0-beta.13-commit.024b632",
			"dev": true,
			"license": "MIT"
		},
		"node_modules/@rollup/rollup-darwin-arm64": {
			"version": "4.53.1",
			"cpu": [
				"arm64"
			],
			"dev": true,
			"license": "MIT",
			"optional": true,
			"os": [
				"darwin"
			]
		},
		"node_modules/@standard-schema/spec": {
			"version": "1.0.0",
			"dev": true,
			"license": "MIT"
		},
		"node_modules/@types/babel__generator": {
			"version": "7.27.0",
			"dev": true,
			"license": "MIT",
			"dependencies": {
				"@babel/types": "^7.0.0"
			}
		},
		"node_modules/@types/babel__traverse": {
			"version": "7.28.0",
			"dev": true,
			"license": "MIT",
			"dependencies": {
				"@babel/types": "^7.28.2"
			}
		},
		"node_modules/@types/chai": {
			"version": "5.2.3",
			"dev": true,
			"license": "MIT",
			"dependencies": {
				"@types/deep-eql": "*",
				"assertion-error": "^2.0.1"
			}
		},
		"node_modules/@types/deep-eql": {
			"version": "4.0.2",
			"dev": true,
			"license": "MIT"
		},
		"node_modules/@types/estree": {
			"version": "1.0.8",
			"dev": true,
			"license": "MIT"
		},
		"node_modules/@types/node": {
			"version": "24.10.0",
			"dev": true,
			"license": "MIT",
			"dependencies": {
				"undici-types": "~7.16.0"
			}
		},
		"node_modules/@types/whatwg-mimetype": {
			"version": "3.0.2",
			"dev": true,
			"license": "MIT"
		},
		"node_modules/@vitest/coverage-v8": {
			"version": "4.0.8",
			"dev": true,
			"license": "MIT",
			"dependencies": {
				"@bcoe/v8-coverage": "^1.0.2",
				"@vitest/utils": "4.0.8",
				"ast-v8-to-istanbul": "^0.3.8",
				"debug": "^4.4.3",
				"istanbul-lib-coverage": "^3.2.2",
				"istanbul-lib-report": "^3.0.1",
				"istanbul-lib-source-maps": "^5.0.6",
				"istanbul-reports": "^3.2.0",
				"magicast": "^0.5.1",
				"std-env": "^3.10.0",
				"tinyrainbow": "^3.0.3"
			},
			"funding": {
				"url": "https://opencollective.com/vitest"
			},
			"peerDependencies": {
				"@vitest/browser": "4.0.8",
				"vitest": "4.0.8"
			},
			"peerDependenciesMeta": {
				"@vitest/browser": {
					"optional": true
				}
			}
		},
		"node_modules/@vitest/expect": {
			"version": "4.0.8",
			"dev": true,
			"license": "MIT",
			"dependencies": {
				"@standard-schema/spec": "^1.0.0",
				"@types/chai": "^5.2.2",
				"@vitest/spy": "4.0.8",
				"@vitest/utils": "4.0.8",
				"chai": "^6.2.0",
				"tinyrainbow": "^3.0.3"
			},
			"funding": {
				"url": "https://opencollective.com/vitest"
			}
		},
		"node_modules/@vitest/mocker": {
			"version": "4.0.8",
			"dev": true,
			"license": "MIT",
			"dependencies": {
				"@vitest/spy": "4.0.8",
				"estree-walker": "^3.0.3",
				"magic-string": "^0.30.21"
			},
			"funding": {
				"url": "https://opencollective.com/vitest"
			},
			"peerDependencies": {
				"msw": "^2.4.9",
				"vite": "^6.0.0 || ^7.0.0-0"
			},
			"peerDependenciesMeta": {
				"msw": {
					"optional": true
				},
				"vite": {
					"optional": true
				}
			}
		},
		"node_modules/@vitest/pretty-format": {
			"version": "4.0.8",
			"dev": true,
			"license": "MIT",
			"dependencies": {
				"tinyrainbow": "^3.0.3"
			},
			"funding": {
				"url": "https://opencollective.com/vitest"
			}
		},
		"node_modules/@vitest/runner": {
			"version": "4.0.8",
			"dev": true,
			"license": "MIT",
			"dependencies": {
				"@vitest/utils": "4.0.8",
				"pathe": "^2.0.3"
			},
			"funding": {
				"url": "https://opencollective.com/vitest"
			}
		},
		"node_modules/@vitest/snapshot": {
			"version": "4.0.8",
			"dev": true,
			"license": "MIT",
			"dependencies": {
				"@vitest/pretty-format": "4.0.8",
				"magic-string": "^0.30.21",
				"pathe": "^2.0.3"
			},
			"funding": {
				"url": "https://opencollective.com/vitest"
			}
		},
		"node_modules/@vitest/spy": {
			"version": "4.0.8",
			"dev": true,
			"license": "MIT",
			"funding": {
				"url": "https://opencollective.com/vitest"
			}
		},
		"node_modules/@vitest/ui": {
			"version": "4.0.8",
			"dev": true,
			"license": "MIT",
			"dependencies": {
				"@vitest/utils": "4.0.8",
				"fflate": "^0.8.2",
				"flatted": "^3.3.3",
				"pathe": "^2.0.3",
				"sirv": "^3.0.2",
				"tinyglobby": "^0.2.15",
				"tinyrainbow": "^3.0.3"
			},
			"funding": {
				"url": "https://opencollective.com/vitest"
			},
			"peerDependencies": {
				"vitest": "4.0.8"
			}
		},
		"node_modules/@vitest/utils": {
			"version": "4.0.8",
			"dev": true,
			"license": "MIT",
			"dependencies": {
				"@vitest/pretty-format": "4.0.8",
				"tinyrainbow": "^3.0.3"
			},
			"funding": {
				"url": "https://opencollective.com/vitest"
			}
		},
		"node_modules/ansis": {
			"version": "4.2.0",
			"dev": true,
			"license": "ISC",
			"engines": {
				"node": ">=14"
			}
		},
		"node_modules/assertion-error": {
			"version": "2.0.1",
			"dev": true,
			"license": "MIT",
			"engines": {
				"node": ">=12"
			}
		},
		"node_modules/ast-v8-to-istanbul": {
			"version": "0.3.8",
			"dev": true,
			"license": "MIT",
			"dependencies": {
				"@jridgewell/trace-mapping": "^0.3.31",
				"estree-walker": "^3.0.3",
				"js-tokens": "^9.0.1"
			}
		},
		"node_modules/chai": {
			"version": "6.2.0",
			"dev": true,
			"license": "MIT",
			"engines": {
				"node": ">=18"
			}
		},
		"node_modules/debug": {
			"version": "4.4.3",
			"license": "MIT",
			"dependencies": {
				"ms": "^2.1.3"
			},
			"engines": {
				"node": ">=6.0"
			},
			"peerDependenciesMeta": {
				"supports-color": {
					"optional": true
				}
			}
		},
		"node_modules/es-module-lexer": {
			"version": "1.7.0",
			"dev": true,
			"license": "MIT"
		},
		"node_modules/esbuild": {
			"version": "0.25.12",
			"dev": true,
			"hasInstallScript": true,
			"license": "MIT",
			"bin": {
				"esbuild": "bin/esbuild"
			},
			"engines": {
				"node": ">=18"
			},
			"optionalDependencies": {
				"@esbuild/aix-ppc64": "0.25.12",
				"@esbuild/android-arm": "0.25.12",
				"@esbuild/android-arm64": "0.25.12",
				"@esbuild/android-x64": "0.25.12",
				"@esbuild/darwin-arm64": "0.25.12",
				"@esbuild/darwin-x64": "0.25.12",
				"@esbuild/freebsd-arm64": "0.25.12",
				"@esbuild/freebsd-x64": "0.25.12",
				"@esbuild/linux-arm": "0.25.12",
				"@esbuild/linux-arm64": "0.25.12",
				"@esbuild/linux-ia32": "0.25.12",
				"@esbuild/linux-loong64": "0.25.12",
				"@esbuild/linux-mips64el": "0.25.12",
				"@esbuild/linux-ppc64": "0.25.12",
				"@esbuild/linux-riscv64": "0.25.12",
				"@esbuild/linux-s390x": "0.25.12",
				"@esbuild/linux-x64": "0.25.12",
				"@esbuild/netbsd-arm64": "0.25.12",
				"@esbuild/netbsd-x64": "0.25.12",
				"@esbuild/openbsd-arm64": "0.25.12",
				"@esbuild/openbsd-x64": "0.25.12",
				"@esbuild/openharmony-arm64": "0.25.12",
				"@esbuild/sunos-x64": "0.25.12",
				"@esbuild/win32-arm64": "0.25.12",
				"@esbuild/win32-ia32": "0.25.12",
				"@esbuild/win32-x64": "0.25.12"
			}
		},
		"node_modules/estree-walker": {
			"version": "3.0.3",
			"dev": true,
			"license": "MIT",
			"dependencies": {
				"@types/estree": "^1.0.0"
			}
		},
		"node_modules/expect-type": {
			"version": "1.2.2",
			"dev": true,
			"license": "Apache-2.0",
			"engines": {
				"node": ">=12.0.0"
			}
		},
		"node_modules/fdir": {
			"version": "6.5.0",
			"dev": true,
			"license": "MIT",
			"engines": {
				"node": ">=12.0.0"
			},
			"peerDependencies": {
				"picomatch": "^3 || ^4"
			},
			"peerDependenciesMeta": {
				"picomatch": {
					"optional": true
				}
			}
		},
		"node_modules/fflate": {
			"version": "0.8.2",
			"dev": true,
			"license": "MIT"
		},
		"node_modules/flatted": {
			"version": "3.3.3",
			"dev": true,
			"license": "ISC"
		},
		"node_modules/fsevents": {
			"version": "2.3.3",
			"dev": true,
			"license": "MIT",
			"optional": true,
			"os": [
				"darwin"
			],
			"engines": {
				"node": "^8.16.0 || ^10.6.0 || >=11.0.0"
			}
		},
		"node_modules/get-tsconfig": {
			"version": "4.13.0",
			"dev": true,
			"license": "MIT",
			"optional": true,
			"peer": true,
			"dependencies": {
				"resolve-pkg-maps": "^1.0.0"
			},
			"funding": {
				"url": "https://github.com/privatenumber/get-tsconfig?sponsor=1"
			}
		},
		"node_modules/happy-dom": {
			"version": "20.0.10",
			"dev": true,
			"license": "MIT",
			"dependencies": {
				"@types/node": "^20.0.0",
				"@types/whatwg-mimetype": "^3.0.2",
				"whatwg-mimetype": "^3.0.0"
			},
			"engines": {
				"node": ">=20.0.0"
			}
		},
		"node_modules/happy-dom/node_modules/@types/node": {
			"version": "20.19.25",
			"dev": true,
			"license": "MIT",
			"dependencies": {
				"undici-types": "~6.21.0"
			}
		},
		"node_modules/happy-dom/node_modules/undici-types": {
			"version": "6.21.0",
			"dev": true,
			"license": "MIT"
		},
		"node_modules/has-flag": {
			"version": "4.0.0",
			"dev": true,
			"license": "MIT",
			"engines": {
				"node": ">=8"
			}
		},
		"node_modules/html-escaper": {
			"version": "2.0.2",
			"dev": true,
			"license": "MIT"
		},
		"node_modules/istanbul-lib-coverage": {
			"version": "3.2.2",
			"dev": true,
			"license": "BSD-3-Clause",
			"engines": {
				"node": ">=8"
			}
		},
		"node_modules/istanbul-lib-report": {
			"version": "3.0.1",
			"dev": true,
			"license": "BSD-3-Clause",
			"dependencies": {
				"istanbul-lib-coverage": "^3.0.0",
				"make-dir": "^4.0.0",
				"supports-color": "^7.1.0"
			},
			"engines": {
				"node": ">=10"
			}
		},
		"node_modules/istanbul-lib-source-maps": {
			"version": "5.0.6",
			"dev": true,
			"license": "BSD-3-Clause",
			"dependencies": {
				"@jridgewell/trace-mapping": "^0.3.23",
				"debug": "^4.1.1",
				"istanbul-lib-coverage": "^3.0.0"
			},
			"engines": {
				"node": ">=10"
			}
		},
		"node_modules/istanbul-reports": {
			"version": "3.2.0",
			"dev": true,
			"license": "BSD-3-Clause",
			"dependencies": {
				"html-escaper": "^2.0.0",
				"istanbul-lib-report": "^3.0.0"
			},
			"engines": {
				"node": ">=8"
			}
		},
		"node_modules/jiti": {
			"version": "2.6.1",
			"dev": true,
			"license": "MIT",
			"optional": true,
			"peer": true,
			"bin": {
				"jiti": "lib/jiti-cli.mjs"
			}
		},
		"node_modules/js-tokens": {
			"version": "9.0.1",
			"dev": true,
			"license": "MIT"
		},
		"node_modules/jsesc": {
			"version": "3.1.0",
			"license": "MIT",
			"bin": {
				"jsesc": "bin/jsesc"
			},
			"engines": {
				"node": ">=6"
			}
		},
		"node_modules/magic-string": {
			"version": "0.30.21",
			"dev": true,
			"license": "MIT",
			"dependencies": {
				"@jridgewell/sourcemap-codec": "^1.5.5"
			}
		},
		"node_modules/magicast": {
			"version": "0.5.1",
			"dev": true,
			"license": "MIT",
			"dependencies": {
				"@babel/parser": "^7.28.5",
				"@babel/types": "^7.28.5",
				"source-map-js": "^1.2.1"
			}
		},
		"node_modules/make-dir": {
			"version": "4.0.0",
			"dev": true,
			"license": "MIT",
			"dependencies": {
				"semver": "^7.5.3"
			},
			"engines": {
				"node": ">=10"
			},
			"funding": {
				"url": "https://github.com/sponsors/sindresorhus"
			}
		},
		"node_modules/mrmime": {
			"version": "2.0.1",
			"dev": true,
			"license": "MIT",
			"engines": {
				"node": ">=10"
			}
		},
		"node_modules/ms": {
			"version": "2.1.3",
			"license": "MIT"
		},
		"node_modules/nanoid": {
			"version": "3.3.11",
			"dev": true,
			"funding": [
				{
					"type": "github",
					"url": "https://github.com/sponsors/ai"
				}
			],
			"license": "MIT",
			"bin": {
				"nanoid": "bin/nanoid.cjs"
			},
			"engines": {
				"node": "^10 || ^12 || ^13.7 || ^14 || >=15.0.1"
			}
		},
		"node_modules/pathe": {
			"version": "2.0.3",
			"dev": true,
			"license": "MIT"
		},
		"node_modules/picocolors": {
			"version": "1.1.1",
			"license": "ISC"
		},
		"node_modules/picomatch": {
			"version": "4.0.3",
			"dev": true,
			"license": "MIT",
			"engines": {
				"node": ">=12"
			},
			"funding": {
				"url": "https://github.com/sponsors/jonschlinkert"
			}
		},
		"node_modules/postcss": {
			"version": "8.5.6",
			"dev": true,
			"funding": [
				{
					"type": "opencollective",
					"url": "https://opencollective.com/postcss/"
				},
				{
					"type": "tidelift",
					"url": "https://tidelift.com/funding/github/npm/postcss"
				},
				{
					"type": "github",
					"url": "https://github.com/sponsors/ai"
				}
			],
			"license": "MIT",
			"dependencies": {
				"nanoid": "^3.3.11",
				"picocolors": "^1.1.1",
				"source-map-js": "^1.2.1"
			},
			"engines": {
				"node": "^10 || ^12 || >=14"
			}
		},
		"node_modules/resolve-pkg-maps": {
			"version": "1.0.0",
			"dev": true,
			"license": "MIT",
			"optional": true,
			"peer": true,
			"funding": {
				"url": "https://github.com/privatenumber/resolve-pkg-maps?sponsor=1"
			}
		},
		"node_modules/rolldown": {
			"version": "1.0.0-beta.13-commit.024b632",
			"resolved": "https://registry.npmjs.org/rolldown/-/rolldown-1.0.0-beta.13-commit.024b632.tgz",
			"integrity": "sha512-sntAHxNJ22WdcXVHQDoRst4eOJZjuT3S1aqsNWsvK2aaFVPgpVPY3WGwvJ91SvH/oTdRCyJw5PwpzbaMdKdYqQ==",
			"dev": true,
			"license": "MIT",
			"dependencies": {
				"@oxc-project/runtime": "=0.72.3",
				"@oxc-project/types": "=0.72.3",
				"@rolldown/pluginutils": "1.0.0-beta.13-commit.024b632",
				"ansis": "^4.0.0"
			},
			"bin": {
				"rolldown": "bin/cli.mjs"
			},
			"optionalDependencies": {
				"@rolldown/binding-darwin-arm64": "1.0.0-beta.13-commit.024b632",
				"@rolldown/binding-darwin-x64": "1.0.0-beta.13-commit.024b632",
				"@rolldown/binding-freebsd-x64": "1.0.0-beta.13-commit.024b632",
				"@rolldown/binding-linux-arm-gnueabihf": "1.0.0-beta.13-commit.024b632",
				"@rolldown/binding-linux-arm64-gnu": "1.0.0-beta.13-commit.024b632",
				"@rolldown/binding-linux-arm64-musl": "1.0.0-beta.13-commit.024b632",
				"@rolldown/binding-linux-x64-gnu": "1.0.0-beta.13-commit.024b632",
				"@rolldown/binding-linux-x64-musl": "1.0.0-beta.13-commit.024b632",
				"@rolldown/binding-wasm32-wasi": "1.0.0-beta.13-commit.024b632",
				"@rolldown/binding-win32-arm64-msvc": "1.0.0-beta.13-commit.024b632",
				"@rolldown/binding-win32-ia32-msvc": "1.0.0-beta.13-commit.024b632",
				"@rolldown/binding-win32-x64-msvc": "1.0.0-beta.13-commit.024b632"
			}
		},
		"node_modules/rollup": {
			"version": "4.53.1",
			"dev": true,
			"license": "MIT",
			"dependencies": {
				"@types/estree": "1.0.8"
			},
			"bin": {
				"rollup": "dist/bin/rollup"
			},
			"engines": {
				"node": ">=18.0.0",
				"npm": ">=8.0.0"
			},
			"optionalDependencies": {
				"@rollup/rollup-android-arm-eabi": "4.53.1",
				"@rollup/rollup-android-arm64": "4.53.1",
				"@rollup/rollup-darwin-arm64": "4.53.1",
				"@rollup/rollup-darwin-x64": "4.53.1",
				"@rollup/rollup-freebsd-arm64": "4.53.1",
				"@rollup/rollup-freebsd-x64": "4.53.1",
				"@rollup/rollup-linux-arm-gnueabihf": "4.53.1",
				"@rollup/rollup-linux-arm-musleabihf": "4.53.1",
				"@rollup/rollup-linux-arm64-gnu": "4.53.1",
				"@rollup/rollup-linux-arm64-musl": "4.53.1",
				"@rollup/rollup-linux-loong64-gnu": "4.53.1",
				"@rollup/rollup-linux-ppc64-gnu": "4.53.1",
				"@rollup/rollup-linux-riscv64-gnu": "4.53.1",
				"@rollup/rollup-linux-riscv64-musl": "4.53.1",
				"@rollup/rollup-linux-s390x-gnu": "4.53.1",
				"@rollup/rollup-linux-x64-gnu": "4.53.1",
				"@rollup/rollup-linux-x64-musl": "4.53.1",
				"@rollup/rollup-openharmony-arm64": "4.53.1",
				"@rollup/rollup-win32-arm64-msvc": "4.53.1",
				"@rollup/rollup-win32-ia32-msvc": "4.53.1",
				"@rollup/rollup-win32-x64-gnu": "4.53.1",
				"@rollup/rollup-win32-x64-msvc": "4.53.1",
				"fsevents": "~2.3.2"
			}
		},
		"node_modules/semver": {
			"version": "7.7.3",
			"dev": true,
			"license": "ISC",
			"bin": {
				"semver": "bin/semver.js"
			},
			"engines": {
				"node": ">=10"
			}
		},
		"node_modules/siginfo": {
			"version": "2.0.0",
			"dev": true,
			"license": "ISC"
		},
		"node_modules/sirv": {
			"version": "3.0.2",
			"dev": true,
			"license": "MIT",
			"dependencies": {
				"@polka/url": "^1.0.0-next.24",
				"mrmime": "^2.0.0",
				"totalist": "^3.0.0"
			},
			"engines": {
				"node": ">=18"
			}
		},
		"node_modules/source-map-js": {
			"version": "1.2.1",
			"dev": true,
			"license": "BSD-3-Clause",
			"engines": {
				"node": ">=0.10.0"
			}
		},
		"node_modules/stackback": {
			"version": "0.0.2",
			"dev": true,
			"license": "MIT"
		},
		"node_modules/std-env": {
			"version": "3.10.0",
			"dev": true,
			"license": "MIT"
		},
		"node_modules/supports-color": {
			"version": "7.2.0",
			"dev": true,
			"license": "MIT",
			"dependencies": {
				"has-flag": "^4.0.0"
			},
			"engines": {
				"node": ">=8"
			}
		},
		"node_modules/tinybench": {
			"version": "2.9.0",
			"dev": true,
			"license": "MIT"
		},
		"node_modules/tinyexec": {
			"version": "0.3.2",
			"dev": true,
			"license": "MIT"
		},
		"node_modules/tinyglobby": {
			"version": "0.2.15",
			"dev": true,
			"license": "MIT",
			"dependencies": {
				"fdir": "^6.5.0",
				"picomatch": "^4.0.3"
			},
			"engines": {
				"node": ">=12.0.0"
			},
			"funding": {
				"url": "https://github.com/sponsors/SuperchupuDev"
			}
		},
		"node_modules/tinyrainbow": {
			"version": "3.0.3",
			"dev": true,
			"license": "MIT",
			"engines": {
				"node": ">=14.0.0"
			}
		},
		"node_modules/totalist": {
			"version": "3.0.1",
			"dev": true,
			"license": "MIT",
			"engines": {
				"node": ">=6"
			}
		},
		"node_modules/tsx": {
			"version": "4.20.6",
			"dev": true,
			"license": "MIT",
			"optional": true,
			"peer": true,
			"dependencies": {
				"esbuild": "~0.25.0",
				"get-tsconfig": "^4.7.5"
			},
			"bin": {
				"tsx": "dist/cli.mjs"
			},
			"engines": {
				"node": ">=18.0.0"
			},
			"optionalDependencies": {
				"fsevents": "~2.3.3"
			}
		},
		"node_modules/typescript": {
			"version": "5.9.3",
			"dev": true,
			"license": "Apache-2.0",
			"bin": {
				"tsc": "bin/tsc",
				"tsserver": "bin/tsserver"
			},
			"engines": {
				"node": ">=14.17"
			}
		},
		"node_modules/undici-types": {
			"version": "7.16.0",
			"dev": true,
			"license": "MIT"
		},
		"node_modules/vite": {
			"version": "7.2.2",
			"dev": true,
			"license": "MIT",
			"dependencies": {
				"esbuild": "^0.25.0",
				"fdir": "^6.5.0",
				"picomatch": "^4.0.3",
				"postcss": "^8.5.6",
				"rollup": "^4.43.0",
				"tinyglobby": "^0.2.15"
			},
			"bin": {
				"vite": "bin/vite.js"
			},
			"engines": {
				"node": "^20.19.0 || >=22.12.0"
			},
			"funding": {
				"url": "https://github.com/vitejs/vite?sponsor=1"
			},
			"optionalDependencies": {
				"fsevents": "~2.3.3"
			},
			"peerDependencies": {
				"@types/node": "^20.19.0 || >=22.12.0",
				"jiti": ">=1.21.0",
				"less": "^4.0.0",
				"lightningcss": "^1.21.0",
				"sass": "^1.70.0",
				"sass-embedded": "^1.70.0",
				"stylus": ">=0.54.8",
				"sugarss": "^5.0.0",
				"terser": "^5.16.0",
				"tsx": "^4.8.1",
				"yaml": "^2.4.2"
			},
			"peerDependenciesMeta": {
				"@types/node": {
					"optional": true
				},
				"jiti": {
					"optional": true
				},
				"less": {
					"optional": true
				},
				"lightningcss": {
					"optional": true
				},
				"sass": {
					"optional": true
				},
				"sass-embedded": {
					"optional": true
				},
				"stylus": {
					"optional": true
				},
				"sugarss": {
					"optional": true
				},
				"terser": {
					"optional": true
				},
				"tsx": {
					"optional": true
				},
				"yaml": {
					"optional": true
				}
			}
		},
		"node_modules/vitest": {
			"version": "4.0.8",
			"dev": true,
			"license": "MIT",
			"dependencies": {
				"@vitest/expect": "4.0.8",
				"@vitest/mocker": "4.0.8",
				"@vitest/pretty-format": "4.0.8",
				"@vitest/runner": "4.0.8",
				"@vitest/snapshot": "4.0.8",
				"@vitest/spy": "4.0.8",
				"@vitest/utils": "4.0.8",
				"debug": "^4.4.3",
				"es-module-lexer": "^1.7.0",
				"expect-type": "^1.2.2",
				"magic-string": "^0.30.21",
				"pathe": "^2.0.3",
				"picomatch": "^4.0.3",
				"std-env": "^3.10.0",
				"tinybench": "^2.9.0",
				"tinyexec": "^0.3.2",
				"tinyglobby": "^0.2.15",
				"tinyrainbow": "^3.0.3",
				"vite": "^6.0.0 || ^7.0.0",
				"why-is-node-running": "^2.3.0"
			},
			"bin": {
				"vitest": "vitest.mjs"
			},
			"engines": {
				"node": "^20.0.0 || ^22.0.0 || >=24.0.0"
			},
			"funding": {
				"url": "https://opencollective.com/vitest"
			},
			"peerDependencies": {
				"@edge-runtime/vm": "*",
				"@types/debug": "^4.1.12",
				"@types/node": "^20.0.0 || ^22.0.0 || >=24.0.0",
				"@vitest/browser-playwright": "4.0.8",
				"@vitest/browser-preview": "4.0.8",
				"@vitest/browser-webdriverio": "4.0.8",
				"@vitest/ui": "4.0.8",
				"happy-dom": "*",
				"jsdom": "*"
			},
			"peerDependenciesMeta": {
				"@edge-runtime/vm": {
					"optional": true
				},
				"@types/debug": {
					"optional": true
				},
				"@types/node": {
					"optional": true
				},
				"@vitest/browser-playwright": {
					"optional": true
				},
				"@vitest/browser-preview": {
					"optional": true
				},
				"@vitest/browser-webdriverio": {
					"optional": true
				},
				"@vitest/ui": {
					"optional": true
				},
				"happy-dom": {
					"optional": true
				},
				"jsdom": {
					"optional": true
				}
			}
		},
		"node_modules/whatwg-mimetype": {
			"version": "3.0.0",
			"dev": true,
			"license": "MIT",
			"engines": {
				"node": ">=12"
			}
		},
		"node_modules/why-is-node-running": {
			"version": "2.3.0",
			"dev": true,
			"license": "MIT",
			"dependencies": {
				"siginfo": "^2.0.0",
				"stackback": "0.0.2"
			},
			"bin": {
				"why-is-node-running": "cli.js"
			},
			"engines": {
				"node": ">=8"
			}
		}
	}
}
